
Microsoft Visual Studio Solution File, Format Version 12.00
# Visual Studio Version 17
VisualStudioVersion = 17.10.35122.118
MinimumVisualStudioVersion = 10.0.40219.1
Project("{FAE04EC0-301F-11D3-BF4B-00C04F79EFBC}") = "WindowsFormsApp3", "WindowsFormsApp3.csproj", "{78D64799-1CA5-4946-BB99-717A9E6D5789}"
EndProject
Global
	GlobalSection(SolutionConfigurationPlatforms) = preSolution
		Debug|Any CPU = Debug|Any CPU
		Release|Any CPU = Release|Any CPU
	EndGlobalSection
	GlobalSection(ProjectConfigurationPlatforms) = postSolution
		{78D64799-1CA5-4946-BB99-717A9E6D5789}.Debug|Any CPU.ActiveCfg = Debug|Any CPU
		{78D64799-1CA5-4946-BB99-717A9E6D5789}.Debug|Any CPU.Build.0 = Debug|Any CPU
		{78D64799-1CA5-4946-BB99-717A9E6D5789}.Release|Any CPU.ActiveCfg = Release|Any CPU
		{78D64799-1CA5-4946-BB99-717A9E6D5789}.Release|Any CPU.Build.0 = Release|Any CPU
	EndGlobalSection
	GlobalSection(SolutionProperties) = preSolution
		HideSolutionNode = FALSE
	EndGlobalSection
	GlobalSection(ExtensibilityGlobals) = postSolution
		SolutionGuid = {506D5A3B-D324-45A6-844B-CC9DA8DD4D01}
	EndGlobalSection
EndGlobal
