
Microsoft Visual Studio Solution File, Format Version 12.00
# Visual Studio Version 17
VisualStudioVersion = 17.10.35122.118
MinimumVisualStudioVersion = 10.0.40219.1
Project("{FAE04EC0-301F-11D3-BF4B-00C04F79EFBC}") = "reproductorMP3", "reproductorMP3\reproductorMP3.csproj", "{34CFD40E-B3D4-4B03-8394-6891D06E1671}"
EndProject
Global
	GlobalSection(SolutionConfigurationPlatforms) = preSolution
		Debug|Any CPU = Debug|Any CPU
		Release|Any CPU = Release|Any CPU
	EndGlobalSection
	GlobalSection(ProjectConfigurationPlatforms) = postSolution
		{34CFD40E-B3D4-4B03-8394-6891D06E1671}.Debug|Any CPU.ActiveCfg = Debug|Any CPU
		{34CFD40E-B3D4-4B03-8394-6891D06E1671}.Debug|Any CPU.Build.0 = Debug|Any CPU
		{34CFD40E-B3D4-4B03-8394-6891D06E1671}.Release|Any CPU.ActiveCfg = Release|Any CPU
		{34CFD40E-B3D4-4B03-8394-6891D06E1671}.Release|Any CPU.Build.0 = Release|Any CPU
	EndGlobalSection
	GlobalSection(SolutionProperties) = preSolution
		HideSolutionNode = FALSE
	EndGlobalSection
	GlobalSection(ExtensibilityGlobals) = postSolution
		SolutionGuid = {37463096-60BB-4AD6-A4DE-7113515C7022}
	EndGlobalSection
EndGlobal
