
Microsoft Visual Studio Solution File, Format Version 12.00
# Visual Studio Version 17
VisualStudioVersion = 17.9.34714.143
MinimumVisualStudioVersion = 10.0.40219.1
Project("{FAE04EC0-301F-11D3-BF4B-00C04F79EFBC}") = "evaluacion_viernes", "evaluacion_viernes.csproj", "{F34DF3B3-D181-4ED6-93A1-423AC2A01C9C}"
EndProject
Global
	GlobalSection(SolutionConfigurationPlatforms) = preSolution
		Debug|Any CPU = Debug|Any CPU
		Release|Any CPU = Release|Any CPU
	EndGlobalSection
	GlobalSection(ProjectConfigurationPlatforms) = postSolution
		{F34DF3B3-D181-4ED6-93A1-423AC2A01C9C}.Debug|Any CPU.ActiveCfg = Debug|Any CPU
		{F34DF3B3-D181-4ED6-93A1-423AC2A01C9C}.Debug|Any CPU.Build.0 = Debug|Any CPU
		{F34DF3B3-D181-4ED6-93A1-423AC2A01C9C}.Release|Any CPU.ActiveCfg = Release|Any CPU
		{F34DF3B3-D181-4ED6-93A1-423AC2A01C9C}.Release|Any CPU.Build.0 = Release|Any CPU
	EndGlobalSection
	GlobalSection(SolutionProperties) = preSolution
		HideSolutionNode = FALSE
	EndGlobalSection
	GlobalSection(ExtensibilityGlobals) = postSolution
		SolutionGuid = {2B797CE1-25B4-48ED-BAC6-7AFD16B554E2}
	EndGlobalSection
EndGlobal
