
Microsoft Visual Studio Solution File, Format Version 12.00
# Visual Studio Version 17
VisualStudioVersion = 17.9.34714.143
MinimumVisualStudioVersion = 10.0.40219.1
Project("{FAE04EC0-301F-11D3-BF4B-00C04F79EFBC}") = "Ejercicio-Menu", "Ejercicio-Menu.csproj", "{0AE8D41E-551B-4B50-B561-7EC77C46C882}"
EndProject
Global
	GlobalSection(SolutionConfigurationPlatforms) = preSolution
		Debug|Any CPU = Debug|Any CPU
		Release|Any CPU = Release|Any CPU
	EndGlobalSection
	GlobalSection(ProjectConfigurationPlatforms) = postSolution
		{0AE8D41E-551B-4B50-B561-7EC77C46C882}.Debug|Any CPU.ActiveCfg = Debug|Any CPU
		{0AE8D41E-551B-4B50-B561-7EC77C46C882}.Debug|Any CPU.Build.0 = Debug|Any CPU
		{0AE8D41E-551B-4B50-B561-7EC77C46C882}.Release|Any CPU.ActiveCfg = Release|Any CPU
		{0AE8D41E-551B-4B50-B561-7EC77C46C882}.Release|Any CPU.Build.0 = Release|Any CPU
	EndGlobalSection
	GlobalSection(SolutionProperties) = preSolution
		HideSolutionNode = FALSE
	EndGlobalSection
	GlobalSection(ExtensibilityGlobals) = postSolution
		SolutionGuid = {34A0E660-C5F8-4E4F-B294-4257184D2401}
	EndGlobalSection
EndGlobal
